
Microsoft Visual Studio Solution File, Format Version 12.00
# Visual Studio 15
Project("{FAE04EC0-301F-11D3-BF4B-00C04F79EFBC}") = "RadioButton.iOS", "RadioButton.iOS\RadioButton.iOS.csproj", "{640B013C-8EB7-451D-8521-7043B47AFEBC}"
EndProject
Project("{FAE04EC0-301F-11D3-BF4B-00C04F79EFBC}") = "RadioButton", "RadioButton\RadioButton.csproj", "{2FBA6F8C-B042-435A-9BF5-9020B8157523}"
EndProject
Global
	GlobalSection(SolutionConfigurationPlatforms) = preSolution
		Debug|iPhoneSimulator = Debug|iPhoneSimulator
		Release|iPhoneSimulator = Release|iPhoneSimulator
		Debug|iPhone = Debug|iPhone
		Release|iPhone = Release|iPhone
		Debug|Any CPU = Debug|Any CPU
		Release|Any CPU = Release|Any CPU
	EndGlobalSection
	GlobalSection(ProjectConfigurationPlatforms) = postSolution
		{640B013C-8EB7-451D-8521-7043B47AFEBC}.Debug|iPhoneSimulator.ActiveCfg = Debug|iPhoneSimulator
		{640B013C-8EB7-451D-8521-7043B47AFEBC}.Debug|iPhoneSimulator.Build.0 = Debug|iPhoneSimulator
		{640B013C-8EB7-451D-8521-7043B47AFEBC}.Release|iPhoneSimulator.ActiveCfg = Release|iPhoneSimulator
		{640B013C-8EB7-451D-8521-7043B47AFEBC}.Release|iPhoneSimulator.Build.0 = Release|iPhoneSimulator
		{640B013C-8EB7-451D-8521-7043B47AFEBC}.Debug|iPhone.ActiveCfg = Debug|iPhone
		{640B013C-8EB7-451D-8521-7043B47AFEBC}.Debug|iPhone.Build.0 = Debug|iPhone
		{640B013C-8EB7-451D-8521-7043B47AFEBC}.Release|iPhone.ActiveCfg = Release|iPhone
		{640B013C-8EB7-451D-8521-7043B47AFEBC}.Release|iPhone.Build.0 = Release|iPhone
		{640B013C-8EB7-451D-8521-7043B47AFEBC}.Debug|Any CPU.ActiveCfg = Debug|iPhoneSimulator
		{640B013C-8EB7-451D-8521-7043B47AFEBC}.Debug|Any CPU.Build.0 = Debug|iPhoneSimulator
		{640B013C-8EB7-451D-8521-7043B47AFEBC}.Release|Any CPU.ActiveCfg = Release|iPhoneSimulator
		{640B013C-8EB7-451D-8521-7043B47AFEBC}.Release|Any CPU.Build.0 = Release|iPhoneSimulator
		{2FBA6F8C-B042-435A-9BF5-9020B8157523}.Debug|iPhoneSimulator.ActiveCfg = Debug|Any CPU
		{2FBA6F8C-B042-435A-9BF5-9020B8157523}.Debug|iPhoneSimulator.Build.0 = Debug|Any CPU
		{2FBA6F8C-B042-435A-9BF5-9020B8157523}.Release|iPhoneSimulator.ActiveCfg = Release|Any CPU
		{2FBA6F8C-B042-435A-9BF5-9020B8157523}.Release|iPhoneSimulator.Build.0 = Release|Any CPU
		{2FBA6F8C-B042-435A-9BF5-9020B8157523}.Debug|iPhone.ActiveCfg = Debug|Any CPU
		{2FBA6F8C-B042-435A-9BF5-9020B8157523}.Debug|iPhone.Build.0 = Debug|Any CPU
		{2FBA6F8C-B042-435A-9BF5-9020B8157523}.Release|iPhone.ActiveCfg = Release|Any CPU
		{2FBA6F8C-B042-435A-9BF5-9020B8157523}.Release|iPhone.Build.0 = Release|Any CPU
		{2FBA6F8C-B042-435A-9BF5-9020B8157523}.Debug|Any CPU.ActiveCfg = Debug|Any CPU
		{2FBA6F8C-B042-435A-9BF5-9020B8157523}.Debug|Any CPU.Build.0 = Debug|Any CPU
		{2FBA6F8C-B042-435A-9BF5-9020B8157523}.Release|Any CPU.ActiveCfg = Release|Any CPU
		{2FBA6F8C-B042-435A-9BF5-9020B8157523}.Release|Any CPU.Build.0 = Release|Any CPU
	EndGlobalSection
EndGlobal
